
Microsoft Visual Studio Solution File, Format Version 12.00
# Visual Studio Version 16
VisualStudioVersion = 16.0.31129.286
MinimumVisualStudioVersion = 10.0.40219.1
Project("{FAE04EC0-301F-11D3-BF4B-00C04F79EFBC}") = "ZaliczeniePiotrRomanowski", "ZaliczeniePiotrRomanowski\ZaliczeniePiotrRomanowski.csproj", "{B502A781-ED4D-4C76-BDF6-3C742DE6667F}"
EndProject
Global
	GlobalSection(SolutionConfigurationPlatforms) = preSolution
		Debug|Any CPU = Debug|Any CPU
		Release|Any CPU = Release|Any CPU
	EndGlobalSection
	GlobalSection(ProjectConfigurationPlatforms) = postSolution
		{B502A781-ED4D-4C76-BDF6-3C742DE6667F}.Debug|Any CPU.ActiveCfg = Debug|Any CPU
		{B502A781-ED4D-4C76-BDF6-3C742DE6667F}.Debug|Any CPU.Build.0 = Debug|Any CPU
		{B502A781-ED4D-4C76-BDF6-3C742DE6667F}.Release|Any CPU.ActiveCfg = Release|Any CPU
		{B502A781-ED4D-4C76-BDF6-3C742DE6667F}.Release|Any CPU.Build.0 = Release|Any CPU
	EndGlobalSection
	GlobalSection(SolutionProperties) = preSolution
		HideSolutionNode = FALSE
	EndGlobalSection
	GlobalSection(ExtensibilityGlobals) = postSolution
		SolutionGuid = {99B3FAC2-699F-4BE4-BC66-D5EE8BA4E320}
	EndGlobalSection
EndGlobal
